
Microsoft Visual Studio Solution File, Format Version 12.00
# Visual Studio 15
Project("{FAE04EC0-301F-11D3-BF4B-00C04F79EFBC}") = "Schoolbook.Application.Aggregate", "Schoolbook.Application.Aggregate\Schoolbook.Application.Aggregate.csproj", "{52B02300-6C0E-4502-B8F2-AAFC57972A3C}"
EndProject
Project("{FAE04EC0-301F-11D3-BF4B-00C04F79EFBC}") = "Schoolbook.Aggregate.Tests", "Schoolbook.Aggregate.Tests\Schoolbook.Aggregate.Tests.csproj", "{32E53834-106B-4BFD-B338-471BE5D564CE}"
EndProject
Project("{FAE04EC0-301F-11D3-BF4B-00C04F79EFBC}") = "Schoolbook.Application.Api", "Schoolbook.Application.Api\Schoolbook.Application.Api.csproj", "{A0AC2072-706F-4777-BD65-838E18E51AF5}"
EndProject
Global
	GlobalSection(SolutionConfigurationPlatforms) = preSolution
		Debug|Any CPU = Debug|Any CPU
		Release|Any CPU = Release|Any CPU
	EndGlobalSection
	GlobalSection(ProjectConfigurationPlatforms) = postSolution
		{52B02300-6C0E-4502-B8F2-AAFC57972A3C}.Debug|Any CPU.ActiveCfg = Debug|Any CPU
		{52B02300-6C0E-4502-B8F2-AAFC57972A3C}.Debug|Any CPU.Build.0 = Debug|Any CPU
		{52B02300-6C0E-4502-B8F2-AAFC57972A3C}.Release|Any CPU.ActiveCfg = Release|Any CPU
		{52B02300-6C0E-4502-B8F2-AAFC57972A3C}.Release|Any CPU.Build.0 = Release|Any CPU
		{32E53834-106B-4BFD-B338-471BE5D564CE}.Debug|Any CPU.ActiveCfg = Debug|Any CPU
		{32E53834-106B-4BFD-B338-471BE5D564CE}.Debug|Any CPU.Build.0 = Debug|Any CPU
		{32E53834-106B-4BFD-B338-471BE5D564CE}.Release|Any CPU.ActiveCfg = Release|Any CPU
		{32E53834-106B-4BFD-B338-471BE5D564CE}.Release|Any CPU.Build.0 = Release|Any CPU
		{A0AC2072-706F-4777-BD65-838E18E51AF5}.Debug|Any CPU.ActiveCfg = Debug|Any CPU
		{A0AC2072-706F-4777-BD65-838E18E51AF5}.Debug|Any CPU.Build.0 = Debug|Any CPU
		{A0AC2072-706F-4777-BD65-838E18E51AF5}.Release|Any CPU.ActiveCfg = Release|Any CPU
		{A0AC2072-706F-4777-BD65-838E18E51AF5}.Release|Any CPU.Build.0 = Release|Any CPU
	EndGlobalSection
EndGlobal
