
Microsoft Visual Studio Solution File, Format Version 12.00
# Visual Studio 15
Project("{FAE04EC0-301F-11D3-BF4B-00C04F79EFBC}") = "logging", "lifebook.core.logging\logging\logging.csproj", "{425DF67D-9B45-4758-AC32-B0EB214308F7}"
EndProject
Project("{2150E333-8FDC-42A3-9474-1A3956D46DE8}") = "lifebook.core.logging", "lifebook.core.logging", "{97773F37-71F7-4A0A-89E5-FF8FFA894CDA}"
EndProject
Project("{FAE04EC0-301F-11D3-BF4B-00C04F79EFBC}") = "logging.test", "lifebook.core.logging\logging.test\logging.test.csproj", "{A085B9C4-FD73-4F9B-8B74-B59C65780B7C}"
EndProject
Project("{2150E333-8FDC-42A3-9474-1A3956D46DE8}") = "lifebook.core.database", "lifebook.core.database", "{88C9B710-17B3-44B2-B9B9-5A1B4C1CBA7B}"
EndProject
Project("{FAE04EC0-301F-11D3-BF4B-00C04F79EFBC}") = "lifebook.core.database.databaseprovider", "lifebook.core.database\lifebook.core.database.databaseprovider\lifebook.core.databaseprovider\lifebook.core.database.databaseprovider.csproj", "{9B18D800-C306-4AFD-9F6D-553E62C69D12}"
EndProject
Project("{FAE04EC0-301F-11D3-BF4B-00C04F79EFBC}") = "lifebook.core.database.databaseprovider.test", "lifebook.core.database\lifebook.core.database.databaseprovider\lifebook.core.database.databaseprovider.test\lifebook.core.database.databaseprovider.test.csproj", "{CF34DE56-303A-431D-A71F-BFA2E791F5F6}"
EndProject
Global
	GlobalSection(SolutionConfigurationPlatforms) = preSolution
		Debug|Any CPU = Debug|Any CPU
		Release|Any CPU = Release|Any CPU
	EndGlobalSection
	GlobalSection(ProjectConfigurationPlatforms) = postSolution
		{425DF67D-9B45-4758-AC32-B0EB214308F7}.Debug|Any CPU.ActiveCfg = Debug|Any CPU
		{425DF67D-9B45-4758-AC32-B0EB214308F7}.Debug|Any CPU.Build.0 = Debug|Any CPU
		{425DF67D-9B45-4758-AC32-B0EB214308F7}.Release|Any CPU.ActiveCfg = Release|Any CPU
		{425DF67D-9B45-4758-AC32-B0EB214308F7}.Release|Any CPU.Build.0 = Release|Any CPU
		{A085B9C4-FD73-4F9B-8B74-B59C65780B7C}.Debug|Any CPU.ActiveCfg = Debug|Any CPU
		{A085B9C4-FD73-4F9B-8B74-B59C65780B7C}.Debug|Any CPU.Build.0 = Debug|Any CPU
		{A085B9C4-FD73-4F9B-8B74-B59C65780B7C}.Release|Any CPU.ActiveCfg = Release|Any CPU
		{A085B9C4-FD73-4F9B-8B74-B59C65780B7C}.Release|Any CPU.Build.0 = Release|Any CPU
		{9B18D800-C306-4AFD-9F6D-553E62C69D12}.Debug|Any CPU.ActiveCfg = Debug|Any CPU
		{9B18D800-C306-4AFD-9F6D-553E62C69D12}.Debug|Any CPU.Build.0 = Debug|Any CPU
		{9B18D800-C306-4AFD-9F6D-553E62C69D12}.Release|Any CPU.ActiveCfg = Release|Any CPU
		{9B18D800-C306-4AFD-9F6D-553E62C69D12}.Release|Any CPU.Build.0 = Release|Any CPU
		{CF34DE56-303A-431D-A71F-BFA2E791F5F6}.Debug|Any CPU.ActiveCfg = Debug|Any CPU
		{CF34DE56-303A-431D-A71F-BFA2E791F5F6}.Debug|Any CPU.Build.0 = Debug|Any CPU
		{CF34DE56-303A-431D-A71F-BFA2E791F5F6}.Release|Any CPU.ActiveCfg = Release|Any CPU
		{CF34DE56-303A-431D-A71F-BFA2E791F5F6}.Release|Any CPU.Build.0 = Release|Any CPU
	EndGlobalSection
	GlobalSection(NestedProjects) = preSolution
		{425DF67D-9B45-4758-AC32-B0EB214308F7} = {97773F37-71F7-4A0A-89E5-FF8FFA894CDA}
		{A085B9C4-FD73-4F9B-8B74-B59C65780B7C} = {97773F37-71F7-4A0A-89E5-FF8FFA894CDA}
		{9B18D800-C306-4AFD-9F6D-553E62C69D12} = {88C9B710-17B3-44B2-B9B9-5A1B4C1CBA7B}
		{CF34DE56-303A-431D-A71F-BFA2E791F5F6} = {88C9B710-17B3-44B2-B9B9-5A1B4C1CBA7B}
	EndGlobalSection
EndGlobal
