
Microsoft Visual Studio Solution File, Format Version 12.00
# Visual Studio 15
Project("{FAE04EC0-301F-11D3-BF4B-00C04F79EFBC}") = "logging", "lifebook.core.logging\logging\logging.csproj", "{425DF67D-9B45-4758-AC32-B0EB214308F7}"
EndProject
Project("{2150E333-8FDC-42A3-9474-1A3956D46DE8}") = "lifebook.core.logging", "lifebook.core.logging", "{97773F37-71F7-4A0A-89E5-FF8FFA894CDA}"
EndProject
Project("{FAE04EC0-301F-11D3-BF4B-00C04F79EFBC}") = "logging.test", "lifebook.core.logging\logging.test\logging.test.csproj", "{A085B9C4-FD73-4F9B-8B74-B59C65780B7C}"
EndProject
Project("{2150E333-8FDC-42A3-9474-1A3956D46DE8}") = "lifebook.core.database", "lifebook.core.database", "{88C9B710-17B3-44B2-B9B9-5A1B4C1CBA7B}"
EndProject
Project("{FAE04EC0-301F-11D3-BF4B-00C04F79EFBC}") = "lifebook.core.database.databaseprovider.test", "lifebook.core.database\lifebook.core.database.databaseprovider\lifebook.core.database.databaseprovider.test\lifebook.core.database.databaseprovider.test.csproj", "{CF34DE56-303A-431D-A71F-BFA2E791F5F6}"
EndProject
Project("{2150E333-8FDC-42A3-9474-1A3956D46DE8}") = "lifebook.core.database.databaseprovider", "lifebook.core.database.databaseprovider", "{F84881E3-99C8-4FB5-8AD5-24DF96723739}"
EndProject
Project("{2150E333-8FDC-42A3-9474-1A3956D46DE8}") = "lifebook.core.database.repository", "lifebook.core.database.repository", "{DE665787-18DF-4C97-A5DE-769DF939DF80}"
EndProject
Project("{FAE04EC0-301F-11D3-BF4B-00C04F79EFBC}") = "lifebook.core.database.repository", "lifebook.core.database\lifebook.core.database.repository\lifebook.core.database.repository\lifebook.core.database.repository.csproj", "{B91587A6-A99A-4981-89D2-32BA0E819A06}"
EndProject
Project("{FAE04EC0-301F-11D3-BF4B-00C04F79EFBC}") = "lifebook.core.database.repository.test", "lifebook.core.database\lifebook.core.database.repository\lifebook.core.database.repository.test\lifebook.core.database.repository.test\lifebook.core.database.repository.test.csproj", "{95B3FB4C-D508-4510-954D-0AC0992A6650}"
EndProject
Project("{FAE04EC0-301F-11D3-BF4B-00C04F79EFBC}") = "lifebook.core.services", "lifebook.core.services\lifebook.core.services\lifebook.core.services.csproj", "{CA79C9DE-15DF-4F11-8270-B5A18791AFC5}"
EndProject
Project("{2150E333-8FDC-42A3-9474-1A3956D46DE8}") = "lifebook.core.services", "lifebook.core.services", "{E54E710C-A58A-4569-9319-153DD07CB8AB}"
EndProject
Project("{FAE04EC0-301F-11D3-BF4B-00C04F79EFBC}") = "lifebook.core.services.test", "lifebook.core.services\lifebook.core.services.test\lifebook.core.services.test.csproj", "{E295B2F5-7749-483B-B2C5-68C97E0106AA}"
EndProject
Project("{2150E333-8FDC-42A3-9474-1A3956D46DE8}") = "lifebook.core.examples", "lifebook.core.examples", "{2E9CB30D-42EE-4A86-B1E5-D094ADDEAEA6}"
EndProject
Project("{FAE04EC0-301F-11D3-BF4B-00C04F79EFBC}") = "lifebook.core.examples.mvc", "lifebook.core.examples\lifebook.core.examples.webapi\lifebook.core.examples.mvc.csproj", "{E284284B-2174-4D94-9AFD-34418482CAD4}"
EndProject
Project("{FAE04EC0-301F-11D3-BF4B-00C04F79EFBC}") = "lifebook.core.database.databaseprovider.deprecated", "lifebook.core.database\lifebook.core.database.databaseprovider\lifebook.core.databaseprovider.deprecated\lifebook.core.database.databaseprovider.deprecated.csproj", "{DA308BD1-C3E6-4597-AE0B-6609E9EA47F1}"
EndProject
Project("{2150E333-8FDC-42A3-9474-1A3956D46DE8}") = "lifebook.core.database", "lifebook.core.database", "{B478E391-8EAE-4D0A-8743-2DE94AE72CF1}"
EndProject
Project("{FAE04EC0-301F-11D3-BF4B-00C04F79EFBC}") = "lifebook.core.database.tests", "lifebook.core.database\lifebook.core.database.tests\lifebook.core.database.tests.csproj", "{A8131E87-60CE-4182-9E8A-5ED95D1B7950}"
EndProject
Global
	GlobalSection(SolutionConfigurationPlatforms) = preSolution
		Debug|Any CPU = Debug|Any CPU
		Release|Any CPU = Release|Any CPU
	EndGlobalSection
	GlobalSection(ProjectConfigurationPlatforms) = postSolution
		{425DF67D-9B45-4758-AC32-B0EB214308F7}.Debug|Any CPU.ActiveCfg = Debug|Any CPU
		{425DF67D-9B45-4758-AC32-B0EB214308F7}.Debug|Any CPU.Build.0 = Debug|Any CPU
		{425DF67D-9B45-4758-AC32-B0EB214308F7}.Release|Any CPU.ActiveCfg = Release|Any CPU
		{425DF67D-9B45-4758-AC32-B0EB214308F7}.Release|Any CPU.Build.0 = Release|Any CPU
		{A085B9C4-FD73-4F9B-8B74-B59C65780B7C}.Debug|Any CPU.ActiveCfg = Debug|Any CPU
		{A085B9C4-FD73-4F9B-8B74-B59C65780B7C}.Debug|Any CPU.Build.0 = Debug|Any CPU
		{A085B9C4-FD73-4F9B-8B74-B59C65780B7C}.Release|Any CPU.ActiveCfg = Release|Any CPU
		{A085B9C4-FD73-4F9B-8B74-B59C65780B7C}.Release|Any CPU.Build.0 = Release|Any CPU
		{CF34DE56-303A-431D-A71F-BFA2E791F5F6}.Debug|Any CPU.ActiveCfg = Debug|Any CPU
		{CF34DE56-303A-431D-A71F-BFA2E791F5F6}.Debug|Any CPU.Build.0 = Debug|Any CPU
		{CF34DE56-303A-431D-A71F-BFA2E791F5F6}.Release|Any CPU.ActiveCfg = Release|Any CPU
		{CF34DE56-303A-431D-A71F-BFA2E791F5F6}.Release|Any CPU.Build.0 = Release|Any CPU
		{B91587A6-A99A-4981-89D2-32BA0E819A06}.Debug|Any CPU.ActiveCfg = Debug|Any CPU
		{B91587A6-A99A-4981-89D2-32BA0E819A06}.Debug|Any CPU.Build.0 = Debug|Any CPU
		{B91587A6-A99A-4981-89D2-32BA0E819A06}.Release|Any CPU.ActiveCfg = Release|Any CPU
		{B91587A6-A99A-4981-89D2-32BA0E819A06}.Release|Any CPU.Build.0 = Release|Any CPU
		{95B3FB4C-D508-4510-954D-0AC0992A6650}.Debug|Any CPU.ActiveCfg = Debug|Any CPU
		{95B3FB4C-D508-4510-954D-0AC0992A6650}.Debug|Any CPU.Build.0 = Debug|Any CPU
		{95B3FB4C-D508-4510-954D-0AC0992A6650}.Release|Any CPU.ActiveCfg = Release|Any CPU
		{95B3FB4C-D508-4510-954D-0AC0992A6650}.Release|Any CPU.Build.0 = Release|Any CPU
		{CA79C9DE-15DF-4F11-8270-B5A18791AFC5}.Debug|Any CPU.ActiveCfg = Debug|Any CPU
		{CA79C9DE-15DF-4F11-8270-B5A18791AFC5}.Debug|Any CPU.Build.0 = Debug|Any CPU
		{CA79C9DE-15DF-4F11-8270-B5A18791AFC5}.Release|Any CPU.ActiveCfg = Release|Any CPU
		{CA79C9DE-15DF-4F11-8270-B5A18791AFC5}.Release|Any CPU.Build.0 = Release|Any CPU
		{E295B2F5-7749-483B-B2C5-68C97E0106AA}.Debug|Any CPU.ActiveCfg = Debug|Any CPU
		{E295B2F5-7749-483B-B2C5-68C97E0106AA}.Debug|Any CPU.Build.0 = Debug|Any CPU
		{E295B2F5-7749-483B-B2C5-68C97E0106AA}.Release|Any CPU.ActiveCfg = Release|Any CPU
		{E295B2F5-7749-483B-B2C5-68C97E0106AA}.Release|Any CPU.Build.0 = Release|Any CPU
		{E284284B-2174-4D94-9AFD-34418482CAD4}.Debug|Any CPU.ActiveCfg = Debug|Any CPU
		{E284284B-2174-4D94-9AFD-34418482CAD4}.Debug|Any CPU.Build.0 = Debug|Any CPU
		{E284284B-2174-4D94-9AFD-34418482CAD4}.Release|Any CPU.ActiveCfg = Release|Any CPU
		{E284284B-2174-4D94-9AFD-34418482CAD4}.Release|Any CPU.Build.0 = Release|Any CPU
		{DA308BD1-C3E6-4597-AE0B-6609E9EA47F1}.Debug|Any CPU.ActiveCfg = Debug|Any CPU
		{DA308BD1-C3E6-4597-AE0B-6609E9EA47F1}.Debug|Any CPU.Build.0 = Debug|Any CPU
		{DA308BD1-C3E6-4597-AE0B-6609E9EA47F1}.Release|Any CPU.ActiveCfg = Release|Any CPU
		{DA308BD1-C3E6-4597-AE0B-6609E9EA47F1}.Release|Any CPU.Build.0 = Release|Any CPU
		{A8131E87-60CE-4182-9E8A-5ED95D1B7950}.Debug|Any CPU.ActiveCfg = Debug|Any CPU
		{A8131E87-60CE-4182-9E8A-5ED95D1B7950}.Debug|Any CPU.Build.0 = Debug|Any CPU
		{A8131E87-60CE-4182-9E8A-5ED95D1B7950}.Release|Any CPU.ActiveCfg = Release|Any CPU
		{A8131E87-60CE-4182-9E8A-5ED95D1B7950}.Release|Any CPU.Build.0 = Release|Any CPU
	EndGlobalSection
	GlobalSection(NestedProjects) = preSolution
		{425DF67D-9B45-4758-AC32-B0EB214308F7} = {97773F37-71F7-4A0A-89E5-FF8FFA894CDA}
		{A085B9C4-FD73-4F9B-8B74-B59C65780B7C} = {97773F37-71F7-4A0A-89E5-FF8FFA894CDA}
		{CF34DE56-303A-431D-A71F-BFA2E791F5F6} = {F84881E3-99C8-4FB5-8AD5-24DF96723739}
		{F84881E3-99C8-4FB5-8AD5-24DF96723739} = {88C9B710-17B3-44B2-B9B9-5A1B4C1CBA7B}
		{DE665787-18DF-4C97-A5DE-769DF939DF80} = {88C9B710-17B3-44B2-B9B9-5A1B4C1CBA7B}
		{B91587A6-A99A-4981-89D2-32BA0E819A06} = {DE665787-18DF-4C97-A5DE-769DF939DF80}
		{95B3FB4C-D508-4510-954D-0AC0992A6650} = {DE665787-18DF-4C97-A5DE-769DF939DF80}
		{CA79C9DE-15DF-4F11-8270-B5A18791AFC5} = {E54E710C-A58A-4569-9319-153DD07CB8AB}
		{E295B2F5-7749-483B-B2C5-68C97E0106AA} = {E54E710C-A58A-4569-9319-153DD07CB8AB}
		{E284284B-2174-4D94-9AFD-34418482CAD4} = {2E9CB30D-42EE-4A86-B1E5-D094ADDEAEA6}
		{DA308BD1-C3E6-4597-AE0B-6609E9EA47F1} = {F84881E3-99C8-4FB5-8AD5-24DF96723739}
		{B478E391-8EAE-4D0A-8743-2DE94AE72CF1} = {88C9B710-17B3-44B2-B9B9-5A1B4C1CBA7B}
		{A8131E87-60CE-4182-9E8A-5ED95D1B7950} = {B478E391-8EAE-4D0A-8743-2DE94AE72CF1}
	EndGlobalSection
EndGlobal
