
Microsoft Visual Studio Solution File, Format Version 12.00
# Visual Studio 15
Project("{FAE04EC0-301F-11D3-BF4B-00C04F79EFBC}") = "lifebook.core.orchestrator", "lifebook.core.orchestrator\lifebook.core.orchestrator.csproj", "{25D5DA53-CADC-4DEB-8920-2834AC1EEF96}"
EndProject
Project("{2150E333-8FDC-42A3-9474-1A3956D46DE8}") = "Solution Items", "Solution Items", "{D7D13C55-13B4-49B0-AC9E-C4E2729DCB4E}"
	ProjectSection(SolutionItems) = preProject
		Readme.md = Readme.md
	EndProjectSection
EndProject
Global
	GlobalSection(SolutionConfigurationPlatforms) = preSolution
		Debug|Any CPU = Debug|Any CPU
		Release|Any CPU = Release|Any CPU
	EndGlobalSection
	GlobalSection(ProjectConfigurationPlatforms) = postSolution
		{25D5DA53-CADC-4DEB-8920-2834AC1EEF96}.Debug|Any CPU.ActiveCfg = Debug|Any CPU
		{25D5DA53-CADC-4DEB-8920-2834AC1EEF96}.Debug|Any CPU.Build.0 = Debug|Any CPU
		{25D5DA53-CADC-4DEB-8920-2834AC1EEF96}.Release|Any CPU.ActiveCfg = Release|Any CPU
		{25D5DA53-CADC-4DEB-8920-2834AC1EEF96}.Release|Any CPU.Build.0 = Release|Any CPU
	EndGlobalSection
EndGlobal
