
Microsoft Visual Studio Solution File, Format Version 12.00
# Visual Studio 15
Project("{FAE04EC0-301F-11D3-BF4B-00C04F79EFBC}") = "authentication.server", "authentication.server\authentication.server.csproj", "{22FFEA0B-A8E7-40FE-BFE4-A69A5C0AE21A}"
EndProject
Project("{FAE04EC0-301F-11D3-BF4B-00C04F79EFBC}") = "authentication.web.api", "authentication.web.api\authentication.web.api.csproj", "{CEA642F2-02D8-46B5-991D-2CF5E70BF6D3}"
EndProject
Global
	GlobalSection(SolutionConfigurationPlatforms) = preSolution
		Debug|Any CPU = Debug|Any CPU
		Release|Any CPU = Release|Any CPU
	EndGlobalSection
	GlobalSection(ProjectConfigurationPlatforms) = postSolution
		{22FFEA0B-A8E7-40FE-BFE4-A69A5C0AE21A}.Debug|Any CPU.ActiveCfg = Debug|Any CPU
		{22FFEA0B-A8E7-40FE-BFE4-A69A5C0AE21A}.Debug|Any CPU.Build.0 = Debug|Any CPU
		{22FFEA0B-A8E7-40FE-BFE4-A69A5C0AE21A}.Release|Any CPU.ActiveCfg = Release|Any CPU
		{22FFEA0B-A8E7-40FE-BFE4-A69A5C0AE21A}.Release|Any CPU.Build.0 = Release|Any CPU
		{CEA642F2-02D8-46B5-991D-2CF5E70BF6D3}.Debug|Any CPU.ActiveCfg = Debug|Any CPU
		{CEA642F2-02D8-46B5-991D-2CF5E70BF6D3}.Debug|Any CPU.Build.0 = Debug|Any CPU
		{CEA642F2-02D8-46B5-991D-2CF5E70BF6D3}.Release|Any CPU.ActiveCfg = Release|Any CPU
		{CEA642F2-02D8-46B5-991D-2CF5E70BF6D3}.Release|Any CPU.Build.0 = Release|Any CPU
	EndGlobalSection
EndGlobal
